
Microsoft Visual Studio Solution File, Format Version 12.00
# Visual Studio 14
VisualStudioVersion = 14.0.24720.0
MinimumVisualStudioVersion = 10.0.40219.1
Project("{FAE04EC0-301F-11D3-BF4B-00C04F79EFBC}") = "Layered", "Layered\Layered.csproj", "{B2CAA66F-10DF-46FA-A6CB-042D02376D0F}"
EndProject
Project("{FAE04EC0-301F-11D3-BF4B-00C04F79EFBC}") = "Example", "Example\Example.csproj", "{DE491C0C-6963-40CC-962F-6FF814FD5FCD}"
EndProject
Global
	GlobalSection(SolutionConfigurationPlatforms) = preSolution
		Debug|Any CPU = Debug|Any CPU
		Release|Any CPU = Release|Any CPU
	EndGlobalSection
	GlobalSection(ProjectConfigurationPlatforms) = postSolution
		{B2CAA66F-10DF-46FA-A6CB-042D02376D0F}.Debug|Any CPU.ActiveCfg = Debug|Any CPU
		{B2CAA66F-10DF-46FA-A6CB-042D02376D0F}.Debug|Any CPU.Build.0 = Debug|Any CPU
		{B2CAA66F-10DF-46FA-A6CB-042D02376D0F}.Release|Any CPU.ActiveCfg = Release|Any CPU
		{B2CAA66F-10DF-46FA-A6CB-042D02376D0F}.Release|Any CPU.Build.0 = Release|Any CPU
		{DE491C0C-6963-40CC-962F-6FF814FD5FCD}.Debug|Any CPU.ActiveCfg = Debug|Any CPU
		{DE491C0C-6963-40CC-962F-6FF814FD5FCD}.Debug|Any CPU.Build.0 = Debug|Any CPU
		{DE491C0C-6963-40CC-962F-6FF814FD5FCD}.Release|Any CPU.ActiveCfg = Release|Any CPU
		{DE491C0C-6963-40CC-962F-6FF814FD5FCD}.Release|Any CPU.Build.0 = Release|Any CPU
	EndGlobalSection
	GlobalSection(SolutionProperties) = preSolution
		HideSolutionNode = FALSE
	EndGlobalSection
EndGlobal
